{
  "meteor": {},
  "dependencies": {
    "basePackages": {
      "harmony": {
        "git": "https://github.com/mquandalle/meteor-harmony",
        "branch": "master"
      }
    },
    "packages": {
      "harmony": {
        "git": "https://github.com/mquandalle/meteor-harmony",
        "branch": "master",
        "commit": "a9137d6a26ecdbe73f3559cfcebd248ef35205ef"
      }
    }
  }
}
