{
  "meteor": {},
  "dependencies": {
    "basePackages": {
      "harmony": {
        "git": "https://github.com/christianbundy/meteor-harmony",
        "branch": "add-grasp"
      }
    },
    "packages": {
      "harmony": {
        "git": "https://github.com/christianbundy/meteor-harmony",
        "branch": "add-grasp",
        "commit": "bd51feb2da71077bfbf72d0ce8b4a52f167d7366"
      },
      "grasp": {
        "git": "https://github.com/christianbundy/meteor-grasp",
        "branch": "master",
        "commit": "94bc0875d9c20db721bfae5a402c51eef5b0c0ea"
      }
    }
  }
}
