{
  "meteor": {},
  "dependencies": {
    "basePackages": {
      "harmony": {
        "git": "https://github.com/mquandalle/meteor-harmony",
        "branch": "master"
      }
    },
    "packages": {
      "harmony": {
        "git": "https://github.com/mquandalle/meteor-harmony",
        "branch": "master",
        "commit": "bbc6e830227ee98f6b867eecfb8d14d3d09b3605"
      }
    }
  }
}
